# Python 3.12; exact installed dependency graph, including test tools.
build==1.6.0
certifi==2026.7.22
charset-normalizer==3.4.4
coverage==7.16.0
exchange-calendars==4.13.2
formulaic==1.2.2
idna==3.19
iniconfig==2.3.0
interface-meta==2.0.1
joblib==1.5.3
kagglehub==1.0.2
kagglesdk==0.1.37
korean-lunar-calendar==0.4.0
narwhals==2.25.0
numpy==2.3.5
packaging==26.3
pandas==2.2.3
pandas-market-calendars==5.4.0
patsy==1.0.3
pluggy==1.6.0
protobuf==7.36.1
pyarrow==25.0.1
pygments==2.21.0
pyluach==2.3.0
pyproject-hooks==1.2.0
pytest==9.1.1
pytest-cov==7.1.0
python-dateutil==2.9.0.post0
pytz==2026.3.post1
pyyaml==6.0.3
requests==2.34.2
ruff==0.16.6
scikit-learn==1.8.0
scipy==1.17.0
six==1.17.0
statsmodels==0.15.0
threadpoolctl==3.6.0
toolz==1.1.0
tqdm==4.70.0
typing-extensions==4.16.0
tzdata==2026.3
urllib3==2.7.0
wrapt==2.4.0
